// !$*UTF8*$!
{
   archiveVersion = "1";
   objectVersion = "46";
   objects = {
      "Commandant::Commandant" = {
         isa = "PBXNativeTarget";
         buildConfigurationList = "OBJ_93";
         buildPhases = (
            "OBJ_96",
            "OBJ_106"
         );
         dependencies = (
            "OBJ_108"
         );
         name = "Commandant";
         productName = "Commandant";
         productReference = "Commandant::Commandant::Product";
         productType = "com.apple.product-type.framework";
      };
      "Commandant::Commandant::Product" = {
         isa = "PBXFileReference";
         path = "Commandant.framework";
         sourceTree = "BUILT_PRODUCTS_DIR";
      };
      "Commandant::SwiftPMPackageDescription" = {
         isa = "PBXNativeTarget";
         buildConfigurationList = "OBJ_110";
         buildPhases = (
            "OBJ_113"
         );
         dependencies = (
         );
         name = "CommandantPackageDescription";
         productName = "CommandantPackageDescription";
         productType = "com.apple.product-type.framework";
      };
      "OBJ_1" = {
         isa = "PBXProject";
         attributes = {
            LastSwiftMigration = "9999";
            LastUpgradeCheck = "9999";
         };
         buildConfigurationList = "OBJ_2";
         compatibilityVersion = "Xcode 3.2";
         developmentRegion = "English";
         hasScannedForEncodings = "0";
         knownRegions = (
            "en"
         );
         mainGroup = "OBJ_5";
         productRefGroup = "OBJ_58";
         projectDirPath = ".";
         targets = (
            "bcc::2bcc",
            "Commandant::Commandant",
            "Commandant::SwiftPMPackageDescription",
            "Rainbow::Rainbow",
            "Rainbow::SwiftPMPackageDescription",
            "Result::Result",
            "Result::SwiftPMPackageDescription",
            "bcc::bcc",
            "bcc::SwiftPMPackageDescription",
            "bcc::bccPackageTests::ProductTarget",
            "bcc::bccTests",
            "srt::srt",
            "srt::SwiftPMPackageDescription"
         );
      };
      "OBJ_10" = {
         isa = "PBXFileReference";
         path = "Extensions.swift";
         sourceTree = "<group>";
      };
      "OBJ_100" = {
         isa = "PBXBuildFile";
         fileRef = "OBJ_44";
      };
      "OBJ_101" = {
         isa = "PBXBuildFile";
         fileRef = "OBJ_45";
      };
      "OBJ_102" = {
         isa = "PBXBuildFile";
         fileRef = "OBJ_46";
      };
      "OBJ_103" = {
         isa = "PBXBuildFile";
         fileRef = "OBJ_47";
      };
      "OBJ_104" = {
         isa = "PBXBuildFile";
         fileRef = "OBJ_48";
      };
      "OBJ_105" = {
         isa = "PBXBuildFile";
         fileRef = "OBJ_49";
      };
      "OBJ_106" = {
         isa = "PBXFrameworksBuildPhase";
         files = (
            "OBJ_107"
         );
      };
      "OBJ_107" = {
         isa = "PBXBuildFile";
         fileRef = "Result::Result::Product";
      };
      "OBJ_108" = {
         isa = "PBXTargetDependency";
         target = "Result::Result";
      };
      "OBJ_11" = {
         isa = "PBXFileReference";
         path = "File.swift";
         sourceTree = "<group>";
      };
      "OBJ_110" = {
         isa = "XCConfigurationList";
         buildConfigurations = (
            "OBJ_111",
            "OBJ_112"
         );
         defaultConfigurationIsVisible = "0";
         defaultConfigurationName = "Release";
      };
      "OBJ_111" = {
         isa = "XCBuildConfiguration";
         buildSettings = {
            LD = "/usr/bin/true";
            OTHER_SWIFT_FLAGS = (
               "-swift-version",
               "4",
               "-I",
               "$(TOOLCHAIN_DIR)/usr/lib/swift/pm/4",
               "-target",
               "x86_64-apple-macosx10.10",
               "-sdk",
               "/Applications/Xcode-beta.app/Contents/Developer/Platforms/MacOSX.platform/Developer/SDKs/MacOSX10.14.sdk"
            );
            SWIFT_VERSION = "4.0";
         };
         name = "Debug";
      };
      "OBJ_112" = {
         isa = "XCBuildConfiguration";
         buildSettings = {
            LD = "/usr/bin/true";
            OTHER_SWIFT_FLAGS = (
               "-swift-version",
               "4",
               "-I",
               "$(TOOLCHAIN_DIR)/usr/lib/swift/pm/4",
               "-target",
               "x86_64-apple-macosx10.10",
               "-sdk",
               "/Applications/Xcode-beta.app/Contents/Developer/Platforms/MacOSX.platform/Developer/SDKs/MacOSX10.14.sdk"
            );
            SWIFT_VERSION = "4.0";
         };
         name = "Release";
      };
      "OBJ_113" = {
         isa = "PBXSourcesBuildPhase";
         files = (
            "OBJ_114"
         );
      };
      "OBJ_114" = {
         isa = "PBXBuildFile";
         fileRef = "OBJ_50";
      };
      "OBJ_115" = {
         isa = "XCConfigurationList";
         buildConfigurations = (
            "OBJ_116",
            "OBJ_117"
         );
         defaultConfigurationIsVisible = "0";
         defaultConfigurationName = "Release";
      };
      "OBJ_116" = {
         isa = "XCBuildConfiguration";
         buildSettings = {
            ENABLE_TESTABILITY = "YES";
            FRAMEWORK_SEARCH_PATHS = (
               "$(inherited)",
               "$(PLATFORM_DIR)/Developer/Library/Frameworks"
            );
            HEADER_SEARCH_PATHS = (
               "$(inherited)"
            );
            INFOPLIST_FILE = "bcc.xcodeproj/Rainbow_Info.plist";
            IPHONEOS_DEPLOYMENT_TARGET = "8.0";
            LD_RUNPATH_SEARCH_PATHS = (
               "$(inherited)",
               "$(TOOLCHAIN_DIR)/usr/lib/swift/macosx"
            );
            MACOSX_DEPLOYMENT_TARGET = "10.10";
            OTHER_CFLAGS = (
               "$(inherited)"
            );
            OTHER_LDFLAGS = (
               "$(inherited)"
            );
            OTHER_SWIFT_FLAGS = (
               "$(inherited)"
            );
            PRODUCT_BUNDLE_IDENTIFIER = "Rainbow";
            PRODUCT_MODULE_NAME = "$(TARGET_NAME:c99extidentifier)";
            PRODUCT_NAME = "$(TARGET_NAME:c99extidentifier)";
            SKIP_INSTALL = "YES";
            SWIFT_ACTIVE_COMPILATION_CONDITIONS = (
               "$(inherited)"
            );
            SWIFT_VERSION = "4.0";
            TARGET_NAME = "Rainbow";
            TVOS_DEPLOYMENT_TARGET = "9.0";
            WATCHOS_DEPLOYMENT_TARGET = "2.0";
         };
         name = "Debug";
      };
      "OBJ_117" = {
         isa = "XCBuildConfiguration";
         buildSettings = {
            ENABLE_TESTABILITY = "YES";
            FRAMEWORK_SEARCH_PATHS = (
               "$(inherited)",
               "$(PLATFORM_DIR)/Developer/Library/Frameworks"
            );
            HEADER_SEARCH_PATHS = (
               "$(inherited)"
            );
            INFOPLIST_FILE = "bcc.xcodeproj/Rainbow_Info.plist";
            IPHONEOS_DEPLOYMENT_TARGET = "8.0";
            LD_RUNPATH_SEARCH_PATHS = (
               "$(inherited)",
               "$(TOOLCHAIN_DIR)/usr/lib/swift/macosx"
            );
            MACOSX_DEPLOYMENT_TARGET = "10.10";
            OTHER_CFLAGS = (
               "$(inherited)"
            );
            OTHER_LDFLAGS = (
               "$(inherited)"
            );
            OTHER_SWIFT_FLAGS = (
               "$(inherited)"
            );
            PRODUCT_BUNDLE_IDENTIFIER = "Rainbow";
            PRODUCT_MODULE_NAME = "$(TARGET_NAME:c99extidentifier)";
            PRODUCT_NAME = "$(TARGET_NAME:c99extidentifier)";
            SKIP_INSTALL = "YES";
            SWIFT_ACTIVE_COMPILATION_CONDITIONS = (
               "$(inherited)"
            );
            SWIFT_VERSION = "4.0";
            TARGET_NAME = "Rainbow";
            TVOS_DEPLOYMENT_TARGET = "9.0";
            WATCHOS_DEPLOYMENT_TARGET = "2.0";
         };
         name = "Release";
      };
      "OBJ_118" = {
         isa = "PBXSourcesBuildPhase";
         files = (
            "OBJ_119",
            "OBJ_120",
            "OBJ_121",
            "OBJ_122",
            "OBJ_123",
            "OBJ_124",
            "OBJ_125",
            "OBJ_126",
            "OBJ_127",
            "OBJ_128",
            "OBJ_129"
         );
      };
      "OBJ_119" = {
         isa = "PBXBuildFile";
         fileRef = "OBJ_28";
      };
      "OBJ_12" = {
         isa = "PBXFileReference";
         path = "main.swift";
         sourceTree = "<group>";
      };
      "OBJ_120" = {
         isa = "PBXBuildFile";
         fileRef = "OBJ_29";
      };
      "OBJ_121" = {
         isa = "PBXBuildFile";
         fileRef = "OBJ_30";
      };
      "OBJ_122" = {
         isa = "PBXBuildFile";
         fileRef = "OBJ_31";
      };
      "OBJ_123" = {
         isa = "PBXBuildFile";
         fileRef = "OBJ_32";
      };
      "OBJ_124" = {
         isa = "PBXBuildFile";
         fileRef = "OBJ_33";
      };
      "OBJ_125" = {
         isa = "PBXBuildFile";
         fileRef = "OBJ_34";
      };
      "OBJ_126" = {
         isa = "PBXBuildFile";
         fileRef = "OBJ_35";
      };
      "OBJ_127" = {
         isa = "PBXBuildFile";
         fileRef = "OBJ_36";
      };
      "OBJ_128" = {
         isa = "PBXBuildFile";
         fileRef = "OBJ_37";
      };
      "OBJ_129" = {
         isa = "PBXBuildFile";
         fileRef = "OBJ_38";
      };
      "OBJ_13" = {
         isa = "PBXGroup";
         children = (
            "OBJ_14",
            "OBJ_15"
         );
         name = "bcc";
         path = "Sources/bcc";
         sourceTree = "SOURCE_ROOT";
      };
      "OBJ_130" = {
         isa = "PBXFrameworksBuildPhase";
         files = (
         );
      };
      "OBJ_132" = {
         isa = "XCConfigurationList";
         buildConfigurations = (
            "OBJ_133",
            "OBJ_134"
         );
         defaultConfigurationIsVisible = "0";
         defaultConfigurationName = "Release";
      };
      "OBJ_133" = {
         isa = "XCBuildConfiguration";
         buildSettings = {
            LD = "/usr/bin/true";
            OTHER_SWIFT_FLAGS = (
               "-swift-version",
               "4",
               "-I",
               "$(TOOLCHAIN_DIR)/usr/lib/swift/pm/4",
               "-target",
               "x86_64-apple-macosx10.10",
               "-sdk",
               "/Applications/Xcode-beta.app/Contents/Developer/Platforms/MacOSX.platform/Developer/SDKs/MacOSX10.14.sdk"
            );
            SWIFT_VERSION = "4.0";
         };
         name = "Debug";
      };
      "OBJ_134" = {
         isa = "XCBuildConfiguration";
         buildSettings = {
            LD = "/usr/bin/true";
            OTHER_SWIFT_FLAGS = (
               "-swift-version",
               "4",
               "-I",
               "$(TOOLCHAIN_DIR)/usr/lib/swift/pm/4",
               "-target",
               "x86_64-apple-macosx10.10",
               "-sdk",
               "/Applications/Xcode-beta.app/Contents/Developer/Platforms/MacOSX.platform/Developer/SDKs/MacOSX10.14.sdk"
            );
            SWIFT_VERSION = "4.0";
         };
         name = "Release";
      };
      "OBJ_135" = {
         isa = "PBXSourcesBuildPhase";
         files = (
            "OBJ_136"
         );
      };
      "OBJ_136" = {
         isa = "PBXBuildFile";
         fileRef = "OBJ_27";
      };
      "OBJ_137" = {
         isa = "XCConfigurationList";
         buildConfigurations = (
            "OBJ_138",
            "OBJ_139"
         );
         defaultConfigurationIsVisible = "0";
         defaultConfigurationName = "Release";
      };
      "OBJ_138" = {
         isa = "XCBuildConfiguration";
         buildSettings = {
            ENABLE_TESTABILITY = "YES";
            FRAMEWORK_SEARCH_PATHS = (
               "$(inherited)",
               "$(PLATFORM_DIR)/Developer/Library/Frameworks"
            );
            HEADER_SEARCH_PATHS = (
               "$(inherited)"
            );
            INFOPLIST_FILE = "bcc.xcodeproj/Result_Info.plist";
            IPHONEOS_DEPLOYMENT_TARGET = "8.0";
            LD_RUNPATH_SEARCH_PATHS = (
               "$(inherited)",
               "$(TOOLCHAIN_DIR)/usr/lib/swift/macosx"
            );
            MACOSX_DEPLOYMENT_TARGET = "10.10";
            OTHER_CFLAGS = (
               "$(inherited)"
            );
            OTHER_LDFLAGS = (
               "$(inherited)"
            );
            OTHER_SWIFT_FLAGS = (
               "$(inherited)"
            );
            PRODUCT_BUNDLE_IDENTIFIER = "Result";
            PRODUCT_MODULE_NAME = "$(TARGET_NAME:c99extidentifier)";
            PRODUCT_NAME = "$(TARGET_NAME:c99extidentifier)";
            SKIP_INSTALL = "YES";
            SWIFT_ACTIVE_COMPILATION_CONDITIONS = (
               "$(inherited)"
            );
            SWIFT_VERSION = "5.0";
            TARGET_NAME = "Result";
            TVOS_DEPLOYMENT_TARGET = "9.0";
            WATCHOS_DEPLOYMENT_TARGET = "2.0";
         };
         name = "Debug";
      };
      "OBJ_139" = {
         isa = "XCBuildConfiguration";
         buildSettings = {
            ENABLE_TESTABILITY = "YES";
            FRAMEWORK_SEARCH_PATHS = (
               "$(inherited)",
               "$(PLATFORM_DIR)/Developer/Library/Frameworks"
            );
            HEADER_SEARCH_PATHS = (
               "$(inherited)"
            );
            INFOPLIST_FILE = "bcc.xcodeproj/Result_Info.plist";
            IPHONEOS_DEPLOYMENT_TARGET = "8.0";
            LD_RUNPATH_SEARCH_PATHS = (
               "$(inherited)",
               "$(TOOLCHAIN_DIR)/usr/lib/swift/macosx"
            );
            MACOSX_DEPLOYMENT_TARGET = "10.10";
            OTHER_CFLAGS = (
               "$(inherited)"
            );
            OTHER_LDFLAGS = (
               "$(inherited)"
            );
            OTHER_SWIFT_FLAGS = (
               "$(inherited)"
            );
            PRODUCT_BUNDLE_IDENTIFIER = "Result";
            PRODUCT_MODULE_NAME = "$(TARGET_NAME:c99extidentifier)";
            PRODUCT_NAME = "$(TARGET_NAME:c99extidentifier)";
            SKIP_INSTALL = "YES";
            SWIFT_ACTIVE_COMPILATION_CONDITIONS = (
               "$(inherited)"
            );
            SWIFT_VERSION = "5.0";
            TARGET_NAME = "Result";
            TVOS_DEPLOYMENT_TARGET = "9.0";
            WATCHOS_DEPLOYMENT_TARGET = "2.0";
         };
         name = "Release";
      };
      "OBJ_14" = {
         isa = "PBXFileReference";
         path = "BCC+SRT.swift";
         sourceTree = "<group>";
      };
      "OBJ_140" = {
         isa = "PBXSourcesBuildPhase";
         files = (
            "OBJ_141",
            "OBJ_142",
            "OBJ_143",
            "OBJ_144"
         );
      };
      "OBJ_141" = {
         isa = "PBXBuildFile";
         fileRef = "OBJ_53";
      };
      "OBJ_142" = {
         isa = "PBXBuildFile";
         fileRef = "OBJ_54";
      };
      "OBJ_143" = {
         isa = "PBXBuildFile";
         fileRef = "OBJ_55";
      };
      "OBJ_144" = {
         isa = "PBXBuildFile";
         fileRef = "OBJ_56";
      };
      "OBJ_145" = {
         isa = "PBXFrameworksBuildPhase";
         files = (
         );
      };
      "OBJ_147" = {
         isa = "XCConfigurationList";
         buildConfigurations = (
            "OBJ_148",
            "OBJ_149"
         );
         defaultConfigurationIsVisible = "0";
         defaultConfigurationName = "Release";
      };
      "OBJ_148" = {
         isa = "XCBuildConfiguration";
         buildSettings = {
            LD = "/usr/bin/true";
            OTHER_SWIFT_FLAGS = (
               "-swift-version",
               "5",
               "-I",
               "$(TOOLCHAIN_DIR)/usr/lib/swift/pm/4_2",
               "-target",
               "x86_64-apple-macosx10.10",
               "-sdk",
               "/Applications/Xcode-beta.app/Contents/Developer/Platforms/MacOSX.platform/Developer/SDKs/MacOSX10.14.sdk"
            );
            SWIFT_VERSION = "5.0";
         };
         name = "Debug";
      };
      "OBJ_149" = {
         isa = "XCBuildConfiguration";
         buildSettings = {
            LD = "/usr/bin/true";
            OTHER_SWIFT_FLAGS = (
               "-swift-version",
               "5",
               "-I",
               "$(TOOLCHAIN_DIR)/usr/lib/swift/pm/4_2",
               "-target",
               "x86_64-apple-macosx10.10",
               "-sdk",
               "/Applications/Xcode-beta.app/Contents/Developer/Platforms/MacOSX.platform/Developer/SDKs/MacOSX10.14.sdk"
            );
            SWIFT_VERSION = "5.0";
         };
         name = "Release";
      };
      "OBJ_15" = {
         isa = "PBXFileReference";
         path = "BCC.swift";
         sourceTree = "<group>";
      };
      "OBJ_150" = {
         isa = "PBXSourcesBuildPhase";
         files = (
            "OBJ_151"
         );
      };
      "OBJ_151" = {
         isa = "PBXBuildFile";
         fileRef = "OBJ_57";
      };
      "OBJ_152" = {
         isa = "XCConfigurationList";
         buildConfigurations = (
            "OBJ_153",
            "OBJ_154"
         );
         defaultConfigurationIsVisible = "0";
         defaultConfigurationName = "Release";
      };
      "OBJ_153" = {
         isa = "XCBuildConfiguration";
         buildSettings = {
            ENABLE_TESTABILITY = "YES";
            FRAMEWORK_SEARCH_PATHS = (
               "$(inherited)",
               "$(PLATFORM_DIR)/Developer/Library/Frameworks"
            );
            HEADER_SEARCH_PATHS = (
               "$(inherited)"
            );
            INFOPLIST_FILE = "bcc.xcodeproj/bcc_Info.plist";
            IPHONEOS_DEPLOYMENT_TARGET = "8.0";
            LD_RUNPATH_SEARCH_PATHS = (
               "$(inherited)",
               "$(TOOLCHAIN_DIR)/usr/lib/swift/macosx"
            );
            MACOSX_DEPLOYMENT_TARGET = "10.10";
            OTHER_CFLAGS = (
               "$(inherited)"
            );
            OTHER_LDFLAGS = (
               "$(inherited)"
            );
            OTHER_SWIFT_FLAGS = (
               "$(inherited)"
            );
            PRODUCT_BUNDLE_IDENTIFIER = "bcc";
            PRODUCT_MODULE_NAME = "$(TARGET_NAME:c99extidentifier)";
            PRODUCT_NAME = "$(TARGET_NAME:c99extidentifier)";
            SKIP_INSTALL = "YES";
            SWIFT_ACTIVE_COMPILATION_CONDITIONS = (
               "$(inherited)"
            );
            SWIFT_VERSION = "4.0";
            TARGET_NAME = "bcc";
            TVOS_DEPLOYMENT_TARGET = "9.0";
            WATCHOS_DEPLOYMENT_TARGET = "2.0";
         };
         name = "Debug";
      };
      "OBJ_154" = {
         isa = "XCBuildConfiguration";
         buildSettings = {
            ENABLE_TESTABILITY = "YES";
            FRAMEWORK_SEARCH_PATHS = (
               "$(inherited)",
               "$(PLATFORM_DIR)/Developer/Library/Frameworks"
            );
            HEADER_SEARCH_PATHS = (
               "$(inherited)"
            );
            INFOPLIST_FILE = "bcc.xcodeproj/bcc_Info.plist";
            IPHONEOS_DEPLOYMENT_TARGET = "8.0";
            LD_RUNPATH_SEARCH_PATHS = (
               "$(inherited)",
               "$(TOOLCHAIN_DIR)/usr/lib/swift/macosx"
            );
            MACOSX_DEPLOYMENT_TARGET = "10.10";
            OTHER_CFLAGS = (
               "$(inherited)"
            );
            OTHER_LDFLAGS = (
               "$(inherited)"
            );
            OTHER_SWIFT_FLAGS = (
               "$(inherited)"
            );
            PRODUCT_BUNDLE_IDENTIFIER = "bcc";
            PRODUCT_MODULE_NAME = "$(TARGET_NAME:c99extidentifier)";
            PRODUCT_NAME = "$(TARGET_NAME:c99extidentifier)";
            SKIP_INSTALL = "YES";
            SWIFT_ACTIVE_COMPILATION_CONDITIONS = (
               "$(inherited)"
            );
            SWIFT_VERSION = "4.0";
            TARGET_NAME = "bcc";
            TVOS_DEPLOYMENT_TARGET = "9.0";
            WATCHOS_DEPLOYMENT_TARGET = "2.0";
         };
         name = "Release";
      };
      "OBJ_155" = {
         isa = "PBXSourcesBuildPhase";
         files = (
            "OBJ_156",
            "OBJ_157"
         );
      };
      "OBJ_156" = {
         isa = "PBXBuildFile";
         fileRef = "OBJ_14";
      };
      "OBJ_157" = {
         isa = "PBXBuildFile";
         fileRef = "OBJ_15";
      };
      "OBJ_158" = {
         isa = "PBXFrameworksBuildPhase";
         files = (
            "OBJ_159"
         );
      };
      "OBJ_159" = {
         isa = "PBXBuildFile";
         fileRef = "srt::srt::Product";
      };
      "OBJ_16" = {
         isa = "PBXGroup";
         children = (
            "OBJ_17"
         );
         name = "Tests";
         path = "";
         sourceTree = "SOURCE_ROOT";
      };
      "OBJ_160" = {
         isa = "PBXTargetDependency";
         target = "srt::srt";
      };
      "OBJ_162" = {
         isa = "XCConfigurationList";
         buildConfigurations = (
            "OBJ_163",
            "OBJ_164"
         );
         defaultConfigurationIsVisible = "0";
         defaultConfigurationName = "Release";
      };
      "OBJ_163" = {
         isa = "XCBuildConfiguration";
         buildSettings = {
            LD = "/usr/bin/true";
            OTHER_SWIFT_FLAGS = (
               "-swift-version",
               "4",
               "-I",
               "$(TOOLCHAIN_DIR)/usr/lib/swift/pm/4",
               "-target",
               "x86_64-apple-macosx10.10",
               "-sdk",
               "/Applications/Xcode-beta.app/Contents/Developer/Platforms/MacOSX.platform/Developer/SDKs/MacOSX10.14.sdk"
            );
            SWIFT_VERSION = "4.0";
         };
         name = "Debug";
      };
      "OBJ_164" = {
         isa = "XCBuildConfiguration";
         buildSettings = {
            LD = "/usr/bin/true";
            OTHER_SWIFT_FLAGS = (
               "-swift-version",
               "4",
               "-I",
               "$(TOOLCHAIN_DIR)/usr/lib/swift/pm/4",
               "-target",
               "x86_64-apple-macosx10.10",
               "-sdk",
               "/Applications/Xcode-beta.app/Contents/Developer/Platforms/MacOSX.platform/Developer/SDKs/MacOSX10.14.sdk"
            );
            SWIFT_VERSION = "4.0";
         };
         name = "Release";
      };
      "OBJ_165" = {
         isa = "PBXSourcesBuildPhase";
         files = (
            "OBJ_166"
         );
      };
      "OBJ_166" = {
         isa = "PBXBuildFile";
         fileRef = "OBJ_6";
      };
      "OBJ_168" = {
         isa = "XCConfigurationList";
         buildConfigurations = (
            "OBJ_169",
            "OBJ_170"
         );
         defaultConfigurationIsVisible = "0";
         defaultConfigurationName = "Release";
      };
      "OBJ_169" = {
         isa = "XCBuildConfiguration";
         buildSettings = {
         };
         name = "Debug";
      };
      "OBJ_17" = {
         isa = "PBXGroup";
         children = (
            "OBJ_18",
            "OBJ_19"
         );
         name = "bccTests";
         path = "Tests/bccTests";
         sourceTree = "SOURCE_ROOT";
      };
      "OBJ_170" = {
         isa = "XCBuildConfiguration";
         buildSettings = {
         };
         name = "Release";
      };
      "OBJ_171" = {
         isa = "PBXTargetDependency";
         target = "bcc::bccTests";
      };
      "OBJ_173" = {
         isa = "XCConfigurationList";
         buildConfigurations = (
            "OBJ_174",
            "OBJ_175"
         );
         defaultConfigurationIsVisible = "0";
         defaultConfigurationName = "Release";
      };
      "OBJ_174" = {
         isa = "XCBuildConfiguration";
         buildSettings = {
            CLANG_ENABLE_MODULES = "YES";
            EMBEDDED_CONTENT_CONTAINS_SWIFT = "YES";
            FRAMEWORK_SEARCH_PATHS = (
               "$(inherited)",
               "$(PLATFORM_DIR)/Developer/Library/Frameworks"
            );
            HEADER_SEARCH_PATHS = (
               "$(inherited)"
            );
            INFOPLIST_FILE = "bcc.xcodeproj/bccTests_Info.plist";
            IPHONEOS_DEPLOYMENT_TARGET = "8.0";
            LD_RUNPATH_SEARCH_PATHS = (
               "$(inherited)",
               "@loader_path/../Frameworks",
               "@loader_path/Frameworks"
            );
            MACOSX_DEPLOYMENT_TARGET = "10.10";
            OTHER_CFLAGS = (
               "$(inherited)"
            );
            OTHER_LDFLAGS = (
               "$(inherited)"
            );
            OTHER_SWIFT_FLAGS = (
               "$(inherited)"
            );
            SWIFT_ACTIVE_COMPILATION_CONDITIONS = (
               "$(inherited)"
            );
            SWIFT_VERSION = "4.0";
            TARGET_NAME = "bccTests";
            TVOS_DEPLOYMENT_TARGET = "9.0";
            WATCHOS_DEPLOYMENT_TARGET = "2.0";
         };
         name = "Debug";
      };
      "OBJ_175" = {
         isa = "XCBuildConfiguration";
         buildSettings = {
            CLANG_ENABLE_MODULES = "YES";
            EMBEDDED_CONTENT_CONTAINS_SWIFT = "YES";
            FRAMEWORK_SEARCH_PATHS = (
               "$(inherited)",
               "$(PLATFORM_DIR)/Developer/Library/Frameworks"
            );
            HEADER_SEARCH_PATHS = (
               "$(inherited)"
            );
            INFOPLIST_FILE = "bcc.xcodeproj/bccTests_Info.plist";
            IPHONEOS_DEPLOYMENT_TARGET = "8.0";
            LD_RUNPATH_SEARCH_PATHS = (
               "$(inherited)",
               "@loader_path/../Frameworks",
               "@loader_path/Frameworks"
            );
            MACOSX_DEPLOYMENT_TARGET = "10.10";
            OTHER_CFLAGS = (
               "$(inherited)"
            );
            OTHER_LDFLAGS = (
               "$(inherited)"
            );
            OTHER_SWIFT_FLAGS = (
               "$(inherited)"
            );
            SWIFT_ACTIVE_COMPILATION_CONDITIONS = (
               "$(inherited)"
            );
            SWIFT_VERSION = "4.0";
            TARGET_NAME = "bccTests";
            TVOS_DEPLOYMENT_TARGET = "9.0";
            WATCHOS_DEPLOYMENT_TARGET = "2.0";
         };
         name = "Release";
      };
      "OBJ_176" = {
         isa = "PBXSourcesBuildPhase";
         files = (
            "OBJ_177",
            "OBJ_178"
         );
      };
      "OBJ_177" = {
         isa = "PBXBuildFile";
         fileRef = "OBJ_18";
      };
      "OBJ_178" = {
         isa = "PBXBuildFile";
         fileRef = "OBJ_19";
      };
      "OBJ_179" = {
         isa = "PBXFrameworksBuildPhase";
         files = (
            "OBJ_180",
            "OBJ_181"
         );
      };
      "OBJ_18" = {
         isa = "PBXFileReference";
         path = "XCTestManifests.swift";
         sourceTree = "<group>";
      };
      "OBJ_180" = {
         isa = "PBXBuildFile";
         fileRef = "bcc::bcc::Product";
      };
      "OBJ_181" = {
         isa = "PBXBuildFile";
         fileRef = "srt::srt::Product";
      };
      "OBJ_182" = {
         isa = "PBXTargetDependency";
         target = "bcc::bcc";
      };
      "OBJ_183" = {
         isa = "PBXTargetDependency";
         target = "srt::srt";
      };
      "OBJ_184" = {
         isa = "XCConfigurationList";
         buildConfigurations = (
            "OBJ_185",
            "OBJ_186"
         );
         defaultConfigurationIsVisible = "0";
         defaultConfigurationName = "Release";
      };
      "OBJ_185" = {
         isa = "XCBuildConfiguration";
         buildSettings = {
            ENABLE_TESTABILITY = "YES";
            FRAMEWORK_SEARCH_PATHS = (
               "$(inherited)",
               "$(PLATFORM_DIR)/Developer/Library/Frameworks"
            );
            HEADER_SEARCH_PATHS = (
               "$(inherited)"
            );
            INFOPLIST_FILE = "bcc.xcodeproj/srt_Info.plist";
            IPHONEOS_DEPLOYMENT_TARGET = "8.0";
            LD_RUNPATH_SEARCH_PATHS = (
               "$(inherited)",
               "$(TOOLCHAIN_DIR)/usr/lib/swift/macosx"
            );
            MACOSX_DEPLOYMENT_TARGET = "10.10";
            OTHER_CFLAGS = (
               "$(inherited)"
            );
            OTHER_LDFLAGS = (
               "$(inherited)"
            );
            OTHER_SWIFT_FLAGS = (
               "$(inherited)"
            );
            PRODUCT_BUNDLE_IDENTIFIER = "srt";
            PRODUCT_MODULE_NAME = "$(TARGET_NAME:c99extidentifier)";
            PRODUCT_NAME = "$(TARGET_NAME:c99extidentifier)";
            SKIP_INSTALL = "YES";
            SWIFT_ACTIVE_COMPILATION_CONDITIONS = (
               "$(inherited)"
            );
            SWIFT_VERSION = "4.0";
            TARGET_NAME = "srt";
            TVOS_DEPLOYMENT_TARGET = "9.0";
            WATCHOS_DEPLOYMENT_TARGET = "2.0";
         };
         name = "Debug";
      };
      "OBJ_186" = {
         isa = "XCBuildConfiguration";
         buildSettings = {
            ENABLE_TESTABILITY = "YES";
            FRAMEWORK_SEARCH_PATHS = (
               "$(inherited)",
               "$(PLATFORM_DIR)/Developer/Library/Frameworks"
            );
            HEADER_SEARCH_PATHS = (
               "$(inherited)"
            );
            INFOPLIST_FILE = "bcc.xcodeproj/srt_Info.plist";
            IPHONEOS_DEPLOYMENT_TARGET = "8.0";
            LD_RUNPATH_SEARCH_PATHS = (
               "$(inherited)",
               "$(TOOLCHAIN_DIR)/usr/lib/swift/macosx"
            );
            MACOSX_DEPLOYMENT_TARGET = "10.10";
            OTHER_CFLAGS = (
               "$(inherited)"
            );
            OTHER_LDFLAGS = (
               "$(inherited)"
            );
            OTHER_SWIFT_FLAGS = (
               "$(inherited)"
            );
            PRODUCT_BUNDLE_IDENTIFIER = "srt";
            PRODUCT_MODULE_NAME = "$(TARGET_NAME:c99extidentifier)";
            PRODUCT_NAME = "$(TARGET_NAME:c99extidentifier)";
            SKIP_INSTALL = "YES";
            SWIFT_ACTIVE_COMPILATION_CONDITIONS = (
               "$(inherited)"
            );
            SWIFT_VERSION = "4.0";
            TARGET_NAME = "srt";
            TVOS_DEPLOYMENT_TARGET = "9.0";
            WATCHOS_DEPLOYMENT_TARGET = "2.0";
         };
         name = "Release";
      };
      "OBJ_187" = {
         isa = "PBXSourcesBuildPhase";
         files = (
            "OBJ_188",
            "OBJ_189",
            "OBJ_190"
         );
      };
      "OBJ_188" = {
         isa = "PBXBuildFile";
         fileRef = "OBJ_23";
      };
      "OBJ_189" = {
         isa = "PBXBuildFile";
         fileRef = "OBJ_24";
      };
      "OBJ_19" = {
         isa = "PBXFileReference";
         path = "bccTests.swift";
         sourceTree = "<group>";
      };
      "OBJ_190" = {
         isa = "PBXBuildFile";
         fileRef = "OBJ_25";
      };
      "OBJ_191" = {
         isa = "PBXFrameworksBuildPhase";
         files = (
         );
      };
      "OBJ_193" = {
         isa = "XCConfigurationList";
         buildConfigurations = (
            "OBJ_194",
            "OBJ_195"
         );
         defaultConfigurationIsVisible = "0";
         defaultConfigurationName = "Release";
      };
      "OBJ_194" = {
         isa = "XCBuildConfiguration";
         buildSettings = {
            LD = "/usr/bin/true";
            OTHER_SWIFT_FLAGS = (
               "-swift-version",
               "4",
               "-I",
               "$(TOOLCHAIN_DIR)/usr/lib/swift/pm/4",
               "-target",
               "x86_64-apple-macosx10.10",
               "-sdk",
               "/Applications/Xcode-beta.app/Contents/Developer/Platforms/MacOSX.platform/Developer/SDKs/MacOSX10.14.sdk"
            );
            SWIFT_VERSION = "4.0";
         };
         name = "Debug";
      };
      "OBJ_195" = {
         isa = "XCBuildConfiguration";
         buildSettings = {
            LD = "/usr/bin/true";
            OTHER_SWIFT_FLAGS = (
               "-swift-version",
               "4",
               "-I",
               "$(TOOLCHAIN_DIR)/usr/lib/swift/pm/4",
               "-target",
               "x86_64-apple-macosx10.10",
               "-sdk",
               "/Applications/Xcode-beta.app/Contents/Developer/Platforms/MacOSX.platform/Developer/SDKs/MacOSX10.14.sdk"
            );
            SWIFT_VERSION = "4.0";
         };
         name = "Release";
      };
      "OBJ_196" = {
         isa = "PBXSourcesBuildPhase";
         files = (
            "OBJ_197"
         );
      };
      "OBJ_197" = {
         isa = "PBXBuildFile";
         fileRef = "OBJ_22";
      };
      "OBJ_2" = {
         isa = "XCConfigurationList";
         buildConfigurations = (
            "OBJ_3",
            "OBJ_4"
         );
         defaultConfigurationIsVisible = "0";
         defaultConfigurationName = "Release";
      };
      "OBJ_20" = {
         isa = "PBXGroup";
         children = (
            "OBJ_21",
            "OBJ_26",
            "OBJ_39",
            "OBJ_51"
         );
         name = "Dependencies";
         path = "";
         sourceTree = "<group>";
      };
      "OBJ_21" = {
         isa = "PBXGroup";
         children = (
            "OBJ_22",
            "OBJ_23",
            "OBJ_24",
            "OBJ_25"
         );
         name = "srt 1.0.1";
         path = ".build/checkouts/srt.git--8965443637628123509/Sources";
         sourceTree = "SOURCE_ROOT";
      };
      "OBJ_22" = {
         isa = "PBXFileReference";
         explicitFileType = "sourcecode.swift";
         name = "Package.swift";
         path = "/Users/apollonian/Documents/Git-Repo/bcc/.build/checkouts/srt.git--8965443637628123509/Package.swift";
         sourceTree = "<group>";
      };
      "OBJ_23" = {
         isa = "PBXFileReference";
         path = "SRT.swift";
         sourceTree = "<group>";
      };
      "OBJ_24" = {
         isa = "PBXFileReference";
         path = "Sequence+Extensions.swift";
         sourceTree = "<group>";
      };
      "OBJ_25" = {
         isa = "PBXFileReference";
         path = "Subtitle.swift";
         sourceTree = "<group>";
      };
      "OBJ_26" = {
         isa = "PBXGroup";
         children = (
            "OBJ_27",
            "OBJ_28",
            "OBJ_29",
            "OBJ_30",
            "OBJ_31",
            "OBJ_32",
            "OBJ_33",
            "OBJ_34",
            "OBJ_35",
            "OBJ_36",
            "OBJ_37",
            "OBJ_38"
         );
         name = "Rainbow 3.1.4";
         path = ".build/checkouts/Rainbow.git-208604798073090910/Sources";
         sourceTree = "SOURCE_ROOT";
      };
      "OBJ_27" = {
         isa = "PBXFileReference";
         explicitFileType = "sourcecode.swift";
         name = "Package.swift";
         path = "/Users/apollonian/Documents/Git-Repo/bcc/.build/checkouts/Rainbow.git-208604798073090910/Package.swift";
         sourceTree = "<group>";
      };
      "OBJ_28" = {
         isa = "PBXFileReference";
         path = "BackgroundColor.swift";
         sourceTree = "<group>";
      };
      "OBJ_29" = {
         isa = "PBXFileReference";
         path = "CodesParser.swift";
         sourceTree = "<group>";
      };
      "OBJ_3" = {
         isa = "XCBuildConfiguration";
         buildSettings = {
            CLANG_ENABLE_OBJC_ARC = "YES";
            COMBINE_HIDPI_IMAGES = "YES";
            COPY_PHASE_STRIP = "NO";
            DEBUG_INFORMATION_FORMAT = "dwarf";
            DYLIB_INSTALL_NAME_BASE = "@rpath";
            ENABLE_NS_ASSERTIONS = "YES";
            GCC_OPTIMIZATION_LEVEL = "0";
            GCC_PREPROCESSOR_DEFINITIONS = (
               "$(inherited)",
               "SWIFT_PACKAGE=1",
               "DEBUG=1"
            );
            ONLY_ACTIVE_ARCH = "YES";
            OTHER_SWIFT_FLAGS = (
               "-DXcode"
            );
            PRODUCT_NAME = "$(TARGET_NAME)";
            SDKROOT = "macosx";
            SUPPORTED_PLATFORMS = (
               "macosx",
               "iphoneos",
               "iphonesimulator",
               "appletvos",
               "appletvsimulator",
               "watchos",
               "watchsimulator"
            );
            SWIFT_ACTIVE_COMPILATION_CONDITIONS = (
               "$(inherited)",
               "SWIFT_PACKAGE",
               "DEBUG"
            );
            SWIFT_OPTIMIZATION_LEVEL = "-Onone";
            USE_HEADERMAP = "NO";
         };
         name = "Debug";
      };
      "OBJ_30" = {
         isa = "PBXFileReference";
         path = "Color.swift";
         sourceTree = "<group>";
      };
      "OBJ_31" = {
         isa = "PBXFileReference";
         path = "ControlCode.swift";
         sourceTree = "<group>";
      };
      "OBJ_32" = {
         isa = "PBXFileReference";
         path = "ModesExtractor.swift";
         sourceTree = "<group>";
      };
      "OBJ_33" = {
         isa = "PBXFileReference";
         path = "OutputTarget.swift";
         sourceTree = "<group>";
      };
      "OBJ_34" = {
         isa = "PBXFileReference";
         path = "Rainbow.swift";
         sourceTree = "<group>";
      };
      "OBJ_35" = {
         isa = "PBXFileReference";
         path = "String+Rainbow.swift";
         sourceTree = "<group>";
      };
      "OBJ_36" = {
         isa = "PBXFileReference";
         path = "StringGenerator.swift";
         sourceTree = "<group>";
      };
      "OBJ_37" = {
         isa = "PBXFileReference";
         path = "Style.swift";
         sourceTree = "<group>";
      };
      "OBJ_38" = {
         isa = "PBXFileReference";
         path = "XcodeColorsSupport.swift";
         sourceTree = "<group>";
      };
      "OBJ_39" = {
         isa = "PBXGroup";
         children = (
            "OBJ_40",
            "OBJ_50"
         );
         name = "Commandant 0.15.0";
         path = "";
         sourceTree = "SOURCE_ROOT";
      };
      "OBJ_4" = {
         isa = "XCBuildConfiguration";
         buildSettings = {
            CLANG_ENABLE_OBJC_ARC = "YES";
            COMBINE_HIDPI_IMAGES = "YES";
            COPY_PHASE_STRIP = "YES";
            DEBUG_INFORMATION_FORMAT = "dwarf-with-dsym";
            DYLIB_INSTALL_NAME_BASE = "@rpath";
            GCC_OPTIMIZATION_LEVEL = "s";
            GCC_PREPROCESSOR_DEFINITIONS = (
               "$(inherited)",
               "SWIFT_PACKAGE=1"
            );
            OTHER_SWIFT_FLAGS = (
               "-DXcode"
            );
            PRODUCT_NAME = "$(TARGET_NAME)";
            SDKROOT = "macosx";
            SUPPORTED_PLATFORMS = (
               "macosx",
               "iphoneos",
               "iphonesimulator",
               "appletvos",
               "appletvsimulator",
               "watchos",
               "watchsimulator"
            );
            SWIFT_ACTIVE_COMPILATION_CONDITIONS = (
               "$(inherited)",
               "SWIFT_PACKAGE"
            );
            SWIFT_OPTIMIZATION_LEVEL = "-Owholemodule";
            USE_HEADERMAP = "NO";
         };
         name = "Release";
      };
      "OBJ_40" = {
         isa = "PBXGroup";
         children = (
            "OBJ_41",
            "OBJ_42",
            "OBJ_43",
            "OBJ_44",
            "OBJ_45",
            "OBJ_46",
            "OBJ_47",
            "OBJ_48",
            "OBJ_49"
         );
         name = "Commandant";
         path = ".build/checkouts/Commandant.git-8599198715692502122/Sources/Commandant";
         sourceTree = "SOURCE_ROOT";
      };
      "OBJ_41" = {
         isa = "PBXFileReference";
         path = "Argument.swift";
         sourceTree = "<group>";
      };
      "OBJ_42" = {
         isa = "PBXFileReference";
         path = "ArgumentParser.swift";
         sourceTree = "<group>";
      };
      "OBJ_43" = {
         isa = "PBXFileReference";
         path = "ArgumentProtocol.swift";
         sourceTree = "<group>";
      };
      "OBJ_44" = {
         isa = "PBXFileReference";
         path = "Command.swift";
         sourceTree = "<group>";
      };
      "OBJ_45" = {
         isa = "PBXFileReference";
         path = "Errors.swift";
         sourceTree = "<group>";
      };
      "OBJ_46" = {
         isa = "PBXFileReference";
         path = "HelpCommand.swift";
         sourceTree = "<group>";
      };
      "OBJ_47" = {
         isa = "PBXFileReference";
         path = "Option.swift";
         sourceTree = "<group>";
      };
      "OBJ_48" = {
         isa = "PBXFileReference";
         path = "OrderedSet.swift";
         sourceTree = "<group>";
      };
      "OBJ_49" = {
         isa = "PBXFileReference";
         path = "Switch.swift";
         sourceTree = "<group>";
      };
      "OBJ_5" = {
         isa = "PBXGroup";
         children = (
            "OBJ_6",
            "OBJ_7",
            "OBJ_16",
            "OBJ_20",
            "OBJ_58",
            "OBJ_66",
            "OBJ_67"
         );
         path = "";
         sourceTree = "<group>";
      };
      "OBJ_50" = {
         isa = "PBXFileReference";
         explicitFileType = "sourcecode.swift";
         name = "Package.swift";
         path = "/Users/apollonian/Documents/Git-Repo/bcc/.build/checkouts/Commandant.git-8599198715692502122/Package.swift";
         sourceTree = "<group>";
      };
      "OBJ_51" = {
         isa = "PBXGroup";
         children = (
            "OBJ_52",
            "OBJ_57"
         );
         name = "Result 4.1.0";
         path = "";
         sourceTree = "SOURCE_ROOT";
      };
      "OBJ_52" = {
         isa = "PBXGroup";
         children = (
            "OBJ_53",
            "OBJ_54",
            "OBJ_55",
            "OBJ_56"
         );
         name = "Result";
         path = ".build/checkouts/Result.git-4821188866044467991/Result";
         sourceTree = "SOURCE_ROOT";
      };
      "OBJ_53" = {
         isa = "PBXFileReference";
         path = "AnyError.swift";
         sourceTree = "<group>";
      };
      "OBJ_54" = {
         isa = "PBXFileReference";
         path = "NoError.swift";
         sourceTree = "<group>";
      };
      "OBJ_55" = {
         isa = "PBXFileReference";
         path = "Result.swift";
         sourceTree = "<group>";
      };
      "OBJ_56" = {
         isa = "PBXFileReference";
         path = "ResultProtocol.swift";
         sourceTree = "<group>";
      };
      "OBJ_57" = {
         isa = "PBXFileReference";
         explicitFileType = "sourcecode.swift";
         name = "Package.swift";
         path = "/Users/apollonian/Documents/Git-Repo/bcc/.build/checkouts/Result.git-4821188866044467991/Package.swift";
         sourceTree = "<group>";
      };
      "OBJ_58" = {
         isa = "PBXGroup";
         children = (
            "Rainbow::Rainbow::Product",
            "srt::srt::Product",
            "Result::Result::Product",
            "bcc::2bcc::Product",
            "bcc::bccTests::Product",
            "bcc::bcc::Product",
            "Commandant::Commandant::Product"
         );
         name = "Products";
         path = "";
         sourceTree = "BUILT_PRODUCTS_DIR";
      };
      "OBJ_6" = {
         isa = "PBXFileReference";
         explicitFileType = "sourcecode.swift";
         path = "Package.swift";
         sourceTree = "<group>";
      };
      "OBJ_66" = {
         isa = "PBXFileReference";
         path = "LICENSE";
         sourceTree = "<group>";
      };
      "OBJ_67" = {
         isa = "PBXFileReference";
         path = "README.md";
         sourceTree = "<group>";
      };
      "OBJ_69" = {
         isa = "XCConfigurationList";
         buildConfigurations = (
            "OBJ_70",
            "OBJ_71"
         );
         defaultConfigurationIsVisible = "0";
         defaultConfigurationName = "Release";
      };
      "OBJ_7" = {
         isa = "PBXGroup";
         children = (
            "OBJ_8",
            "OBJ_13"
         );
         name = "Sources";
         path = "";
         sourceTree = "SOURCE_ROOT";
      };
      "OBJ_70" = {
         isa = "XCBuildConfiguration";
         buildSettings = {
            FRAMEWORK_SEARCH_PATHS = (
               "$(inherited)",
               "$(PLATFORM_DIR)/Developer/Library/Frameworks"
            );
            HEADER_SEARCH_PATHS = (
               "$(inherited)"
            );
            INFOPLIST_FILE = "bcc.xcodeproj/_bcc_Info.plist";
            IPHONEOS_DEPLOYMENT_TARGET = "8.0";
            LD_RUNPATH_SEARCH_PATHS = (
               "$(inherited)",
               "$(TOOLCHAIN_DIR)/usr/lib/swift/macosx",
               "@executable_path"
            );
            MACOSX_DEPLOYMENT_TARGET = "10.10";
            OTHER_CFLAGS = (
               "$(inherited)"
            );
            OTHER_LDFLAGS = (
               "$(inherited)"
            );
            OTHER_SWIFT_FLAGS = (
               "$(inherited)"
            );
            SWIFT_ACTIVE_COMPILATION_CONDITIONS = (
               "$(inherited)"
            );
            SWIFT_FORCE_DYNAMIC_LINK_STDLIB = "YES";
            SWIFT_FORCE_STATIC_LINK_STDLIB = "NO";
            SWIFT_VERSION = "4.0";
            TARGET_NAME = "2bcc";
            TVOS_DEPLOYMENT_TARGET = "9.0";
            WATCHOS_DEPLOYMENT_TARGET = "2.0";
         };
         name = "Debug";
      };
      "OBJ_71" = {
         isa = "XCBuildConfiguration";
         buildSettings = {
            FRAMEWORK_SEARCH_PATHS = (
               "$(inherited)",
               "$(PLATFORM_DIR)/Developer/Library/Frameworks"
            );
            HEADER_SEARCH_PATHS = (
               "$(inherited)"
            );
            INFOPLIST_FILE = "bcc.xcodeproj/_bcc_Info.plist";
            IPHONEOS_DEPLOYMENT_TARGET = "8.0";
            LD_RUNPATH_SEARCH_PATHS = (
               "$(inherited)",
               "$(TOOLCHAIN_DIR)/usr/lib/swift/macosx",
               "@executable_path"
            );
            MACOSX_DEPLOYMENT_TARGET = "10.10";
            OTHER_CFLAGS = (
               "$(inherited)"
            );
            OTHER_LDFLAGS = (
               "$(inherited)"
            );
            OTHER_SWIFT_FLAGS = (
               "$(inherited)"
            );
            SWIFT_ACTIVE_COMPILATION_CONDITIONS = (
               "$(inherited)"
            );
            SWIFT_FORCE_DYNAMIC_LINK_STDLIB = "YES";
            SWIFT_FORCE_STATIC_LINK_STDLIB = "NO";
            SWIFT_VERSION = "4.0";
            TARGET_NAME = "2bcc";
            TVOS_DEPLOYMENT_TARGET = "9.0";
            WATCHOS_DEPLOYMENT_TARGET = "2.0";
         };
         name = "Release";
      };
      "OBJ_72" = {
         isa = "PBXSourcesBuildPhase";
         files = (
            "OBJ_73",
            "OBJ_74",
            "OBJ_75",
            "OBJ_76"
         );
      };
      "OBJ_73" = {
         isa = "PBXBuildFile";
         fileRef = "OBJ_9";
      };
      "OBJ_74" = {
         isa = "PBXBuildFile";
         fileRef = "OBJ_10";
      };
      "OBJ_75" = {
         isa = "PBXBuildFile";
         fileRef = "OBJ_11";
      };
      "OBJ_76" = {
         isa = "PBXBuildFile";
         fileRef = "OBJ_12";
      };
      "OBJ_77" = {
         isa = "PBXFrameworksBuildPhase";
         files = (
            "OBJ_78",
            "OBJ_79",
            "OBJ_80",
            "OBJ_81",
            "OBJ_82"
         );
      };
      "OBJ_78" = {
         isa = "PBXBuildFile";
         fileRef = "Rainbow::Rainbow::Product";
      };
      "OBJ_79" = {
         isa = "PBXBuildFile";
         fileRef = "Commandant::Commandant::Product";
      };
      "OBJ_8" = {
         isa = "PBXGroup";
         children = (
            "OBJ_9",
            "OBJ_10",
            "OBJ_11",
            "OBJ_12"
         );
         name = "2bcc";
         path = "Sources/2bcc";
         sourceTree = "SOURCE_ROOT";
      };
      "OBJ_80" = {
         isa = "PBXBuildFile";
         fileRef = "Result::Result::Product";
      };
      "OBJ_81" = {
         isa = "PBXBuildFile";
         fileRef = "bcc::bcc::Product";
      };
      "OBJ_82" = {
         isa = "PBXBuildFile";
         fileRef = "srt::srt::Product";
      };
      "OBJ_83" = {
         isa = "PBXTargetDependency";
         target = "Rainbow::Rainbow";
      };
      "OBJ_85" = {
         isa = "PBXTargetDependency";
         target = "Commandant::Commandant";
      };
      "OBJ_87" = {
         isa = "PBXTargetDependency";
         target = "Result::Result";
      };
      "OBJ_89" = {
         isa = "PBXTargetDependency";
         target = "bcc::bcc";
      };
      "OBJ_9" = {
         isa = "PBXFileReference";
         path = "CommandLine.swift";
         sourceTree = "<group>";
      };
      "OBJ_91" = {
         isa = "PBXTargetDependency";
         target = "srt::srt";
      };
      "OBJ_93" = {
         isa = "XCConfigurationList";
         buildConfigurations = (
            "OBJ_94",
            "OBJ_95"
         );
         defaultConfigurationIsVisible = "0";
         defaultConfigurationName = "Release";
      };
      "OBJ_94" = {
         isa = "XCBuildConfiguration";
         buildSettings = {
            ENABLE_TESTABILITY = "YES";
            FRAMEWORK_SEARCH_PATHS = (
               "$(inherited)",
               "$(PLATFORM_DIR)/Developer/Library/Frameworks"
            );
            HEADER_SEARCH_PATHS = (
               "$(inherited)"
            );
            INFOPLIST_FILE = "bcc.xcodeproj/Commandant_Info.plist";
            IPHONEOS_DEPLOYMENT_TARGET = "8.0";
            LD_RUNPATH_SEARCH_PATHS = (
               "$(inherited)",
               "$(TOOLCHAIN_DIR)/usr/lib/swift/macosx"
            );
            MACOSX_DEPLOYMENT_TARGET = "10.10";
            OTHER_CFLAGS = (
               "$(inherited)"
            );
            OTHER_LDFLAGS = (
               "$(inherited)"
            );
            OTHER_SWIFT_FLAGS = (
               "$(inherited)"
            );
            PRODUCT_BUNDLE_IDENTIFIER = "Commandant";
            PRODUCT_MODULE_NAME = "$(TARGET_NAME:c99extidentifier)";
            PRODUCT_NAME = "$(TARGET_NAME:c99extidentifier)";
            SKIP_INSTALL = "YES";
            SWIFT_ACTIVE_COMPILATION_CONDITIONS = (
               "$(inherited)"
            );
            SWIFT_VERSION = "4.0";
            TARGET_NAME = "Commandant";
            TVOS_DEPLOYMENT_TARGET = "9.0";
            WATCHOS_DEPLOYMENT_TARGET = "2.0";
         };
         name = "Debug";
      };
      "OBJ_95" = {
         isa = "XCBuildConfiguration";
         buildSettings = {
            ENABLE_TESTABILITY = "YES";
            FRAMEWORK_SEARCH_PATHS = (
               "$(inherited)",
               "$(PLATFORM_DIR)/Developer/Library/Frameworks"
            );
            HEADER_SEARCH_PATHS = (
               "$(inherited)"
            );
            INFOPLIST_FILE = "bcc.xcodeproj/Commandant_Info.plist";
            IPHONEOS_DEPLOYMENT_TARGET = "8.0";
            LD_RUNPATH_SEARCH_PATHS = (
               "$(inherited)",
               "$(TOOLCHAIN_DIR)/usr/lib/swift/macosx"
            );
            MACOSX_DEPLOYMENT_TARGET = "10.10";
            OTHER_CFLAGS = (
               "$(inherited)"
            );
            OTHER_LDFLAGS = (
               "$(inherited)"
            );
            OTHER_SWIFT_FLAGS = (
               "$(inherited)"
            );
            PRODUCT_BUNDLE_IDENTIFIER = "Commandant";
            PRODUCT_MODULE_NAME = "$(TARGET_NAME:c99extidentifier)";
            PRODUCT_NAME = "$(TARGET_NAME:c99extidentifier)";
            SKIP_INSTALL = "YES";
            SWIFT_ACTIVE_COMPILATION_CONDITIONS = (
               "$(inherited)"
            );
            SWIFT_VERSION = "4.0";
            TARGET_NAME = "Commandant";
            TVOS_DEPLOYMENT_TARGET = "9.0";
            WATCHOS_DEPLOYMENT_TARGET = "2.0";
         };
         name = "Release";
      };
      "OBJ_96" = {
         isa = "PBXSourcesBuildPhase";
         files = (
            "OBJ_97",
            "OBJ_98",
            "OBJ_99",
            "OBJ_100",
            "OBJ_101",
            "OBJ_102",
            "OBJ_103",
            "OBJ_104",
            "OBJ_105"
         );
      };
      "OBJ_97" = {
         isa = "PBXBuildFile";
         fileRef = "OBJ_41";
      };
      "OBJ_98" = {
         isa = "PBXBuildFile";
         fileRef = "OBJ_42";
      };
      "OBJ_99" = {
         isa = "PBXBuildFile";
         fileRef = "OBJ_43";
      };
      "Rainbow::Rainbow" = {
         isa = "PBXNativeTarget";
         buildConfigurationList = "OBJ_115";
         buildPhases = (
            "OBJ_118",
            "OBJ_130"
         );
         dependencies = (
         );
         name = "Rainbow";
         productName = "Rainbow";
         productReference = "Rainbow::Rainbow::Product";
         productType = "com.apple.product-type.framework";
      };
      "Rainbow::Rainbow::Product" = {
         isa = "PBXFileReference";
         path = "Rainbow.framework";
         sourceTree = "BUILT_PRODUCTS_DIR";
      };
      "Rainbow::SwiftPMPackageDescription" = {
         isa = "PBXNativeTarget";
         buildConfigurationList = "OBJ_132";
         buildPhases = (
            "OBJ_135"
         );
         dependencies = (
         );
         name = "RainbowPackageDescription";
         productName = "RainbowPackageDescription";
         productType = "com.apple.product-type.framework";
      };
      "Result::Result" = {
         isa = "PBXNativeTarget";
         buildConfigurationList = "OBJ_137";
         buildPhases = (
            "OBJ_140",
            "OBJ_145"
         );
         dependencies = (
         );
         name = "Result";
         productName = "Result";
         productReference = "Result::Result::Product";
         productType = "com.apple.product-type.framework";
      };
      "Result::Result::Product" = {
         isa = "PBXFileReference";
         path = "Result.framework";
         sourceTree = "BUILT_PRODUCTS_DIR";
      };
      "Result::SwiftPMPackageDescription" = {
         isa = "PBXNativeTarget";
         buildConfigurationList = "OBJ_147";
         buildPhases = (
            "OBJ_150"
         );
         dependencies = (
         );
         name = "ResultPackageDescription";
         productName = "ResultPackageDescription";
         productType = "com.apple.product-type.framework";
      };
      "bcc::2bcc" = {
         isa = "PBXNativeTarget";
         buildConfigurationList = "OBJ_69";
         buildPhases = (
            "OBJ_72",
            "OBJ_77"
         );
         dependencies = (
            "OBJ_83",
            "OBJ_85",
            "OBJ_87",
            "OBJ_89",
            "OBJ_91"
         );
         name = "2bcc";
         productName = "_bcc";
         productReference = "bcc::2bcc::Product";
         productType = "com.apple.product-type.tool";
      };
      "bcc::2bcc::Product" = {
         isa = "PBXFileReference";
         path = "2bcc";
         sourceTree = "BUILT_PRODUCTS_DIR";
      };
      "bcc::SwiftPMPackageDescription" = {
         isa = "PBXNativeTarget";
         buildConfigurationList = "OBJ_162";
         buildPhases = (
            "OBJ_165"
         );
         dependencies = (
         );
         name = "bccPackageDescription";
         productName = "bccPackageDescription";
         productType = "com.apple.product-type.framework";
      };
      "bcc::bcc" = {
         isa = "PBXNativeTarget";
         buildConfigurationList = "OBJ_152";
         buildPhases = (
            "OBJ_155",
            "OBJ_158"
         );
         dependencies = (
            "OBJ_160"
         );
         name = "bcc";
         productName = "bcc";
         productReference = "bcc::bcc::Product";
         productType = "com.apple.product-type.framework";
      };
      "bcc::bcc::Product" = {
         isa = "PBXFileReference";
         path = "bcc.framework";
         sourceTree = "BUILT_PRODUCTS_DIR";
      };
      "bcc::bccPackageTests::ProductTarget" = {
         isa = "PBXAggregateTarget";
         buildConfigurationList = "OBJ_168";
         buildPhases = (
         );
         dependencies = (
            "OBJ_171"
         );
         name = "bccPackageTests";
         productName = "bccPackageTests";
      };
      "bcc::bccTests" = {
         isa = "PBXNativeTarget";
         buildConfigurationList = "OBJ_173";
         buildPhases = (
            "OBJ_176",
            "OBJ_179"
         );
         dependencies = (
            "OBJ_182",
            "OBJ_183"
         );
         name = "bccTests";
         productName = "bccTests";
         productReference = "bcc::bccTests::Product";
         productType = "com.apple.product-type.bundle.unit-test";
      };
      "bcc::bccTests::Product" = {
         isa = "PBXFileReference";
         path = "bccTests.xctest";
         sourceTree = "BUILT_PRODUCTS_DIR";
      };
      "srt::SwiftPMPackageDescription" = {
         isa = "PBXNativeTarget";
         buildConfigurationList = "OBJ_193";
         buildPhases = (
            "OBJ_196"
         );
         dependencies = (
         );
         name = "srtPackageDescription";
         productName = "srtPackageDescription";
         productType = "com.apple.product-type.framework";
      };
      "srt::srt" = {
         isa = "PBXNativeTarget";
         buildConfigurationList = "OBJ_184";
         buildPhases = (
            "OBJ_187",
            "OBJ_191"
         );
         dependencies = (
         );
         name = "srt";
         productName = "srt";
         productReference = "srt::srt::Product";
         productType = "com.apple.product-type.framework";
      };
      "srt::srt::Product" = {
         isa = "PBXFileReference";
         path = "srt.framework";
         sourceTree = "BUILT_PRODUCTS_DIR";
      };
   };
   rootObject = "OBJ_1";
}
